{
  "lockfile_version": "1",
  "packages": {
    "cargo@latest": {
      "last_modified": "2024-03-22T07:26:23-04:00",
      "resolved": "github:NixOS/nixpkgs/a3ed7406349a9335cb4c2a71369b697cecd9d351#cargo",
      "source": "devbox-search",
      "version": "1.76.0",
      "systems": {
        "aarch64-darwin": {
          "outputs": [
            {
              "name": "out",
              "path": "/nix/store/f3376cqfq2pdc4jbphq6gg44ispbmj01-cargo-1.76.0",
              "default": true
            }
          ],
          "store_path": "/nix/store/f3376cqfq2pdc4jbphq6gg44ispbmj01-cargo-1.76.0"
        },
        "aarch64-linux": {
          "outputs": [
            {
              "name": "out",
              "path": "/nix/store/s9l5972x4si2g5lvl3b21cpygk2912va-cargo-1.76.0",
              "default": true
            }
          ],
          "store_path": "/nix/store/s9l5972x4si2g5lvl3b21cpygk2912va-cargo-1.76.0"
        },
        "x86_64-darwin": {
          "outputs": [
            {
              "name": "out",
              "path": "/nix/store/c90izzhvpcw5xkn1zc13lp5cjjricb1k-cargo-1.76.0",
              "default": true
            }
          ],
          "store_path": "/nix/store/c90izzhvpcw5xkn1zc13lp5cjjricb1k-cargo-1.76.0"
        },
        "x86_64-linux": {
          "outputs": [
            {
              "name": "out",
              "path": "/nix/store/lpkynwgxadmdbqqf69n5lgmiqdancxq9-cargo-1.76.0",
              "default": true
            }
          ],
          "store_path": "/nix/store/lpkynwgxadmdbqqf69n5lgmiqdancxq9-cargo-1.76.0"
        }
      }
    },
    "dagger@latest": {
      "last_modified": "2023-10-15T10:24:03-04:00",
      "resolved": "github:NixOS/nixpkgs/12bdeb01ff9e2d3917e6a44037ed7df6e6c3df9d#dagger",
      "source": "devbox-search",
      "version": "0.8.8",
      "systems": {
        "aarch64-darwin": {
          "outputs": [
            {
              "name": "out",
              "path": "/nix/store/6122yp2f4jihyc1mfg43ihq0dsbd8daw-dagger-0.8.8",
              "default": true
            }
          ],
          "store_path": "/nix/store/6122yp2f4jihyc1mfg43ihq0dsbd8daw-dagger-0.8.8"
        },
        "aarch64-linux": {
          "outputs": [
            {
              "name": "out",
              "path": "/nix/store/jzdw4vnjw2dix8i3c66l1qw2frr3v5as-dagger-0.8.8",
              "default": true
            }
          ],
          "store_path": "/nix/store/jzdw4vnjw2dix8i3c66l1qw2frr3v5as-dagger-0.8.8"
        },
        "x86_64-darwin": {
          "outputs": [
            {
              "name": "out",
              "path": "/nix/store/sra5844nczr02jzmzq71wrjda462qg32-dagger-0.8.8",
              "default": true
            }
          ],
          "store_path": "/nix/store/sra5844nczr02jzmzq71wrjda462qg32-dagger-0.8.8"
        },
        "x86_64-linux": {
          "outputs": [
            {
              "name": "out",
              "path": "/nix/store/x28iymrc9y01yswccxanrkdbhwjj3b79-dagger-0.8.8",
              "default": true
            }
          ],
          "store_path": "/nix/store/x28iymrc9y01yswccxanrkdbhwjj3b79-dagger-0.8.8"
        }
      }
    },
    "go-task@latest": {
      "last_modified": "2024-03-22T07:26:23-04:00",
      "resolved": "github:NixOS/nixpkgs/a3ed7406349a9335cb4c2a71369b697cecd9d351#go-task",
      "source": "devbox-search",
      "version": "3.35.1",
      "systems": {
        "aarch64-darwin": {
          "outputs": [
            {
              "name": "out",
              "path": "/nix/store/8xlnzmvkpj03yw5xmsm6acz8w0rd3cr7-go-task-3.35.1",
              "default": true
            }
          ],
          "store_path": "/nix/store/8xlnzmvkpj03yw5xmsm6acz8w0rd3cr7-go-task-3.35.1"
        },
        "aarch64-linux": {
          "outputs": [
            {
              "name": "out",
              "path": "/nix/store/n0gjrdfrjj5pxirp3v6w9qdw3r8d076r-go-task-3.35.1",
              "default": true
            }
          ],
          "store_path": "/nix/store/n0gjrdfrjj5pxirp3v6w9qdw3r8d076r-go-task-3.35.1"
        },
        "x86_64-darwin": {
          "outputs": [
            {
              "name": "out",
              "path": "/nix/store/9a8myn2zjl17ws0h7pgw210mwvgd6dm8-go-task-3.35.1",
              "default": true
            }
          ],
          "store_path": "/nix/store/9a8myn2zjl17ws0h7pgw210mwvgd6dm8-go-task-3.35.1"
        },
        "x86_64-linux": {
          "outputs": [
            {
              "name": "out",
              "path": "/nix/store/1xb7vmm16bhlq12lk1q3fhkcypv2p9kb-go-task-3.35.1",
              "default": true
            }
          ],
          "store_path": "/nix/store/1xb7vmm16bhlq12lk1q3fhkcypv2p9kb-go-task-3.35.1"
        }
      }
    },
    "gtk4@latest": {
      "last_modified": "2024-04-01T22:53:36-04:00",
      "resolved": "github:NixOS/nixpkgs/080a4a27f206d07724b88da096e27ef63401a504#gtk4",
      "source": "devbox-search",
      "version": "4.12.5",
      "systems": {
        "aarch64-darwin": {
          "outputs": [
            {
              "name": "out",
              "path": "/nix/store/yszv5s0yj1a8m4dqwnd8w9g5mir9nacg-gtk4-4.12.5",
              "default": true
            },
            {
              "name": "dev",
              "path": "/nix/store/hfsci48cgz4v34y1k71vnmw7h680k6wj-gtk4-4.12.5-dev"
            }
          ],
          "store_path": "/nix/store/yszv5s0yj1a8m4dqwnd8w9g5mir9nacg-gtk4-4.12.5"
        },
        "aarch64-linux": {
          "outputs": [
            {
              "name": "out",
              "path": "/nix/store/09s1cb6rgkzriqi8y08qaz4akzg4v0ry-gtk4-4.12.5",
              "default": true
            },
            {
              "name": "devdoc",
              "path": "/nix/store/7x2q532ay2w1xxg83jirvf85sw7abj19-gtk4-4.12.5-devdoc"
            },
            {
              "name": "debug",
              "path": "/nix/store/mp4m11wc47i4spp1wwqqb2b71251ri2k-gtk4-4.12.5-debug"
            },
            {
              "name": "dev",
              "path": "/nix/store/lf5nan4zbf7ag80vz2n8d52al6548ar7-gtk4-4.12.5-dev"
            }
          ],
          "store_path": "/nix/store/09s1cb6rgkzriqi8y08qaz4akzg4v0ry-gtk4-4.12.5"
        },
        "x86_64-darwin": {
          "outputs": [
            {
              "name": "out",
              "path": "/nix/store/iv6hd8mcaw5hsjwc293m2bhlcmmms18y-gtk4-4.12.5",
              "default": true
            },
            {
              "name": "dev",
              "path": "/nix/store/ymihzqg6sxf61q7k0ag5g0sswdmh0iwn-gtk4-4.12.5-dev"
            }
          ],
          "store_path": "/nix/store/iv6hd8mcaw5hsjwc293m2bhlcmmms18y-gtk4-4.12.5"
        },
        "x86_64-linux": {
          "outputs": [
            {
              "name": "out",
              "path": "/nix/store/0xanf1wdx5piryq7h437pda1g9z3nxx3-gtk4-4.12.5",
              "default": true
            },
            {
              "name": "debug",
              "path": "/nix/store/3f24fk2993qk7jgr1s19rrrb7d5s228l-gtk4-4.12.5-debug"
            },
            {
              "name": "dev",
              "path": "/nix/store/mk0h419s5cng0rvxhz3nkzmnh4jrjjwv-gtk4-4.12.5-dev"
            },
            {
              "name": "devdoc",
              "path": "/nix/store/cb3yszijv4x7f49z2sh5ik2pvflnwrki-gtk4-4.12.5-devdoc"
            }
          ],
          "store_path": "/nix/store/0xanf1wdx5piryq7h437pda1g9z3nxx3-gtk4-4.12.5"
        }
      }
    },
    "rustc@latest": {
      "last_modified": "2024-03-22T07:26:23-04:00",
      "plugin_version": "0.0.1",
      "resolved": "github:NixOS/nixpkgs/a3ed7406349a9335cb4c2a71369b697cecd9d351#rustc",
      "source": "devbox-search",
      "version": "1.76.0",
      "systems": {
        "aarch64-darwin": {
          "outputs": [
            {
              "name": "out",
              "path": "/nix/store/7zzn279z3j7a0k1w0lkx4mjwvlq6r180-rustc-wrapper-1.76.0",
              "default": true
            },
            {
              "name": "man",
              "path": "/nix/store/d3l5vhhkpzcag5smzl5mx0zh04c4n6pq-rustc-wrapper-1.76.0-man",
              "default": true
            },
            {
              "name": "doc",
              "path": "/nix/store/afwr7rky2830cw9i9cd7sjpz3fw2xhgf-rustc-wrapper-1.76.0-doc"
            }
          ],
          "store_path": "/nix/store/7zzn279z3j7a0k1w0lkx4mjwvlq6r180-rustc-wrapper-1.76.0"
        },
        "aarch64-linux": {
          "outputs": [
            {
              "name": "out",
              "path": "/nix/store/gkbiqdk7z7jklygw018bxfvsy4mg9ail-rustc-wrapper-1.76.0",
              "default": true
            },
            {
              "name": "man",
              "path": "/nix/store/155nnrj08534m7vgxhsii0sxjibs409h-rustc-wrapper-1.76.0-man",
              "default": true
            },
            {
              "name": "doc",
              "path": "/nix/store/xdfzg1py1h4pldzkvaqk2p48imcdpkw1-rustc-wrapper-1.76.0-doc"
            }
          ],
          "store_path": "/nix/store/gkbiqdk7z7jklygw018bxfvsy4mg9ail-rustc-wrapper-1.76.0"
        },
        "x86_64-darwin": {
          "outputs": [
            {
              "name": "out",
              "path": "/nix/store/kd4rgfl2rgh7v0a1kb56m4a1k1j3scqv-rustc-wrapper-1.76.0",
              "default": true
            },
            {
              "name": "man",
              "path": "/nix/store/9wgsi9jrh9xx3yi2gbkrk9576f0y1g3i-rustc-wrapper-1.76.0-man",
              "default": true
            },
            {
              "name": "doc",
              "path": "/nix/store/bbj6hmnbq5aq7kgmz724garq63i685zs-rustc-wrapper-1.76.0-doc"
            }
          ],
          "store_path": "/nix/store/kd4rgfl2rgh7v0a1kb56m4a1k1j3scqv-rustc-wrapper-1.76.0"
        },
        "x86_64-linux": {
          "outputs": [
            {
              "name": "out",
              "path": "/nix/store/7r5cdj5hqipachcsnkwn57005qayk6gq-rustc-wrapper-1.76.0",
              "default": true
            },
            {
              "name": "man",
              "path": "/nix/store/x10y0qnwbjdci2r2lz6mkm3azys9lxyk-rustc-wrapper-1.76.0-man",
              "default": true
            },
            {
              "name": "doc",
              "path": "/nix/store/ck6mzr688gyfnfzb741pzv3qhn59x4lk-rustc-wrapper-1.76.0-doc"
            }
          ],
          "store_path": "/nix/store/7r5cdj5hqipachcsnkwn57005qayk6gq-rustc-wrapper-1.76.0"
        }
      }
    },
    "rustfmt@latest": {
      "last_modified": "2024-03-22T07:26:23-04:00",
      "resolved": "github:NixOS/nixpkgs/a3ed7406349a9335cb4c2a71369b697cecd9d351#rustfmt",
      "source": "devbox-search",
      "version": "1.76.0",
      "systems": {
        "aarch64-darwin": {
          "outputs": [
            {
              "name": "out",
              "path": "/nix/store/ggvl2nkfm3lbyc7hyamzxshkjbz8b83z-rustfmt-1.76.0",
              "default": true
            }
          ],
          "store_path": "/nix/store/ggvl2nkfm3lbyc7hyamzxshkjbz8b83z-rustfmt-1.76.0"
        },
        "aarch64-linux": {
          "outputs": [
            {
              "name": "out",
              "path": "/nix/store/yfdk1wbbfm7gcqjzfd6h2aja6l5cf49w-rustfmt-1.76.0",
              "default": true
            }
          ],
          "store_path": "/nix/store/yfdk1wbbfm7gcqjzfd6h2aja6l5cf49w-rustfmt-1.76.0"
        },
        "x86_64-darwin": {
          "outputs": [
            {
              "name": "out",
              "path": "/nix/store/hank0k476yk9nkmf58m1pkb4hwwjwv9v-rustfmt-1.76.0",
              "default": true
            }
          ],
          "store_path": "/nix/store/hank0k476yk9nkmf58m1pkb4hwwjwv9v-rustfmt-1.76.0"
        },
        "x86_64-linux": {
          "outputs": [
            {
              "name": "out",
              "path": "/nix/store/x97gjkn7mp41nd5nnm6v209lf1cdq93n-rustfmt-1.76.0",
              "default": true
            }
          ],
          "store_path": "/nix/store/x97gjkn7mp41nd5nnm6v209lf1cdq93n-rustfmt-1.76.0"
        }
      }
    }
  }
}
